{
  "nodes": {
    "metalwork": {
      "inputs": {
        "nixpkgs": "nixpkgs"
      },
      "locked": {
        "lastModified": 1707683262,
        "narHash": "sha256-sKMDzk9P6BB9MEh/CwK0itROsR1hb9Eae2edWBZMNO8=",
        "owner": "AmateurECE",
        "repo": "metalwork",
        "rev": "8f6f47e1abc6140a4f5a1259674eff6410076ce3",
        "type": "github"
      },
      "original": {
        "owner": "AmateurECE",
        "repo": "metalwork",
        "type": "github"
      }
    },
    "nixpkgs": {
      "locked": {
        "lastModified": 1702151865,
        "narHash": "sha256-9VAt19t6yQa7pHZLDbil/QctAgVsA66DLnzdRGqDisg=",
        "owner": "nixos",
        "repo": "nixpkgs",
        "rev": "666fc80e7b2afb570462423cb0e1cf1a3a34fedd",
        "type": "github"
      },
      "original": {
        "owner": "nixos",
        "ref": "nixos-unstable",
        "repo": "nixpkgs",
        "type": "github"
      }
    },
    "nixpkgs_2": {
      "locked": {
        "lastModified": 1707546158,
        "narHash": "sha256-nYYJTpzfPMDxI8mzhQsYjIUX+grorqjKEU9Np6Xwy/0=",
        "owner": "nixos",
        "repo": "nixpkgs",
        "rev": "d934204a0f8d9198e1e4515dd6fec76a139c87f0",
        "type": "github"
      },
      "original": {
        "owner": "nixos",
        "ref": "nixos-unstable",
        "repo": "nixpkgs",
        "type": "github"
      }
    },
    "root": {
      "inputs": {
        "metalwork": "metalwork",
        "nixpkgs": "nixpkgs_2"
      }
    }
  },
  "root": "root",
  "version": 7
}
